
Microsoft Visual Studio Solution File, Format Version 12.00
# Visual Studio Version 16
VisualStudioVersion = 16.0.31410.357
MinimumVisualStudioVersion = 10.0.40219.1
Project("{9A19103F-16F7-4668-BE54-9A1E7A4F7556}") = "CsvSwan", "CsvSwan\CsvSwan.csproj", "{46884DF2-A158-4491-B469-51E885C103E0}"
EndProject
Project("{9A19103F-16F7-4668-BE54-9A1E7A4F7556}") = "CsvSwan.Tests", "CsvSwan.Tests\CsvSwan.Tests.csproj", "{D82E2D80-1807-4440-85C8-5F258E52AAFF}"
EndProject
Project("{2150E333-8FDC-42A3-9474-1A3956D46DE8}") = "Solution Items", "Solution Items", "{00F5091A-DEBC-464B-8CD0-5933FD99BBCF}"
	ProjectSection(SolutionItems) = preProject
		.editorconfig = .editorconfig
	EndProjectSection
EndProject
Global
	GlobalSection(SolutionConfigurationPlatforms) = preSolution
		Debug|Any CPU = Debug|Any CPU
		Release|Any CPU = Release|Any CPU
	EndGlobalSection
	GlobalSection(ProjectConfigurationPlatforms) = postSolution
		{46884DF2-A158-4491-B469-51E885C103E0}.Debug|Any CPU.ActiveCfg = Debug|Any CPU
		{46884DF2-A158-4491-B469-51E885C103E0}.Debug|Any CPU.Build.0 = Debug|Any CPU
		{46884DF2-A158-4491-B469-51E885C103E0}.Release|Any CPU.ActiveCfg = Release|Any CPU
		{46884DF2-A158-4491-B469-51E885C103E0}.Release|Any CPU.Build.0 = Release|Any CPU
		{D82E2D80-1807-4440-85C8-5F258E52AAFF}.Debug|Any CPU.ActiveCfg = Debug|Any CPU
		{D82E2D80-1807-4440-85C8-5F258E52AAFF}.Debug|Any CPU.Build.0 = Debug|Any CPU
		{D82E2D80-1807-4440-85C8-5F258E52AAFF}.Release|Any CPU.ActiveCfg = Release|Any CPU
		{D82E2D80-1807-4440-85C8-5F258E52AAFF}.Release|Any CPU.Build.0 = Release|Any CPU
	EndGlobalSection
	GlobalSection(SolutionProperties) = preSolution
		HideSolutionNode = FALSE
	EndGlobalSection
	GlobalSection(ExtensibilityGlobals) = postSolution
		SolutionGuid = {CC22CF0B-16D6-4226-9991-D8DF902F0FD4}
	EndGlobalSection
EndGlobal
